{
  "name": "whitewise-official-site",
  "version": "0.1.0",
  "lockfileVersion": 3,
  "requires": true,
  "packages": {
    "": {
      "name": "whitewise-official-site",
      "version": "0.1.0",
      "devDependencies": {
        "lucide-static": "1.35.0",
        "marked": "18.0.11"
      }
    },
    "node_modules/lucide-static": {
      "version": "1.35.0",
      "resolved": "https://registry.npmjs.org/lucide-static/-/lucide-static-1.35.0.tgz",
      "integrity": "sha512-Mc0cSZXDF+JkVG5YCrTsiDE3jnUrhNE0HJxL/8JJAI6NBGBDuJQPCni4QBRtK1AXVAmU4SlD1DfQG66VStUNCg==",
      "dev": true,
      "license": "ISC"
    },
    "node_modules/marked": {
      "version": "18.0.11",
      "resolved": "https://registry.npmjs.org/marked/-/marked-18.0.11.tgz",
      "integrity": "sha512-HnslJfsZkRPBDJRHvVtAaWlZHEpSu7u8LgQuJCELjRKuWR+hpq4A7sLq3p8HaI9ypVoXDXxV34CsQJEe1+J5Aw==",
      "dev": true,
      "license": "MIT",
      "bin": {
        "marked": "bin/marked.js"
      },
      "engines": {
        "node": ">= 20"
      }
    }
  }
}
